
Microsoft Visual Studio Solution File, Format Version 12.00
# Visual Studio Version 17
VisualStudioVersion = 17.5.33530.505
MinimumVisualStudioVersion = 10.0.40219.1
Project("{FAE04EC0-301F-11D3-BF4B-00C04F79EFBC}") = "P23526052023Namiq", "P23526052023Namiq\P23526052023Namiq.csproj", "{766965A1-C89A-4F3C-A83D-F11B7ABE4D48}"
EndProject
Global
	GlobalSection(SolutionConfigurationPlatforms) = preSolution
		Debug|Any CPU = Debug|Any CPU
		Release|Any CPU = Release|Any CPU
	EndGlobalSection
	GlobalSection(ProjectConfigurationPlatforms) = postSolution
		{766965A1-C89A-4F3C-A83D-F11B7ABE4D48}.Debug|Any CPU.ActiveCfg = Debug|Any CPU
		{766965A1-C89A-4F3C-A83D-F11B7ABE4D48}.Debug|Any CPU.Build.0 = Debug|Any CPU
		{766965A1-C89A-4F3C-A83D-F11B7ABE4D48}.Release|Any CPU.ActiveCfg = Release|Any CPU
		{766965A1-C89A-4F3C-A83D-F11B7ABE4D48}.Release|Any CPU.Build.0 = Release|Any CPU
	EndGlobalSection
	GlobalSection(SolutionProperties) = preSolution
		HideSolutionNode = FALSE
	EndGlobalSection
	GlobalSection(ExtensibilityGlobals) = postSolution
		SolutionGuid = {BBAB725B-255D-493C-9B2A-CF809AEDC2B9}
	EndGlobalSection
EndGlobal
